{
  "name": "5.1",
  "lockfileVersion": 3,
  "requires": true,
  "packages": {
    "": {
      "dependencies": {
        "types-registry": "^0.1.666"
      },
      "devDependencies": {
        "@types/aws4": "^1.11.3",
        "@types/body-parser": "^1.19.2",
        "@types/caseless": "^0.12.2",
        "@types/express": "^4.17.20",
        "@types/extend": "^3.0.1",
        "@types/forever-agent": "^0.6.1",
        "@types/is-typedarray": "^1.0.0",
        "@types/isstream": "^0.1.0",
        "@types/json-stringify-safe": "^5.0.0",
        "@types/lodash": "^4.14.197",
        "@types/merge-descriptors": "^1.0.1",
        "@types/mime-types": "^2.1.1",
        "@types/node": "^20.8.7",
        "@types/node-cron": "^3.0.10",
        "@types/nodemon": "^1.19.4",
        "@types/npm": "^7.19.0",
        "@types/request": "^2.48.8",
        "@types/request-promise-native": "^1.0.19",
        "@types/serve-static": "^1.15.2",
        "@types/uuid": "^9.0.2"
      }
    },
    "node_modules/@types/aws4": {
      "version": "1.11.3",
      "resolved": "https://registry.npmjs.org/@types/aws4/-/aws4-1.11.3.tgz",
      "integrity": "sha512-Ka2xKf04xZUH0N7wIYpqcNdavgfPQnaJ1T6GieZs1ydo21vao93aCbHyrA6uKXnaTXzvBcMJkgMsBfT9XvypFQ==",
      "dev": true,
      "dependencies": {
        "@types/node": "*"
      }
    },
    "node_modules/@types/body-parser": {
      "version": "1.19.2",
      "resolved": "https://registry.npmjs.org/@types/body-parser/-/body-parser-1.19.2.tgz",
      "integrity": "sha512-ALYone6pm6QmwZoAgeyNksccT9Q4AWZQ6PvfwR37GT6r6FWUPguq6sUmNGSMV2Wr761oQoBxwGGa6DR5o1DC9g==",
      "dev": true,
      "dependencies": {
        "@types/connect": "*",
        "@types/node": "*"
      }
    },
    "node_modules/@types/caseless": {
      "version": "0.12.2",
      "resolved": "https://registry.npmjs.org/@types/caseless/-/caseless-0.12.2.tgz",
      "integrity": "sha512-6ckxMjBBD8URvjB6J3NcnuAn5Pkl7t3TizAg+xdlzzQGSPSmBcXf8KoIH0ua/i+tio+ZRUHEXp0HEmvaR4kt0w==",
      "dev": true
    },
    "node_modules/@types/connect": {
      "version": "3.4.35",
      "resolved": "https://registry.npmjs.org/@types/connect/-/connect-3.4.35.tgz",
      "integrity": "sha512-cdeYyv4KWoEgpBISTxWvqYsVy444DOqehiF3fM3ne10AmJ62RSyNkUnxMJXHQWRQQX2eR94m5y1IZyDwBjV9FQ==",
      "dev": true,
      "dependencies": {
        "@types/node": "*"
      }
    },
    "node_modules/@types/express": {
      "version": "4.17.20",
      "resolved": "https://registry.npmjs.org/@types/express/-/express-4.17.20.tgz",
      "integrity": "sha512-rOaqlkgEvOW495xErXMsmyX3WKBInbhG5eqojXYi3cGUaLoRDlXa5d52fkfWZT963AZ3v2eZ4MbKE6WpDAGVsw==",
      "dev": true,
      "dependencies": {
        "@types/body-parser": "*",
        "@types/express-serve-static-core": "^4.17.33",
        "@types/qs": "*",
        "@types/serve-static": "*"
      }
    },
    "node_modules/@types/express-serve-static-core": {
      "version": "4.17.36",
      "resolved": "https://registry.npmjs.org/@types/express-serve-static-core/-/express-serve-static-core-4.17.36.tgz",
      "integrity": "sha512-zbivROJ0ZqLAtMzgzIUC4oNqDG9iF0lSsAqpOD9kbs5xcIM3dTiyuHvBc7R8MtWBp3AAWGaovJa+wzWPjLYW7Q==",
      "dev": true,
      "dependencies": {
        "@types/node": "*",
        "@types/qs": "*",
        "@types/range-parser": "*",
        "@types/send": "*"
      }
    },
    "node_modules/@types/extend": {
      "version": "3.0.1",
      "resolved": "https://registry.npmjs.org/@types/extend/-/extend-3.0.1.tgz",
      "integrity": "sha512-R1g/VyKFFI2HLC1QGAeTtCBWCo6n75l41OnsVYNbmKG+kempOESaodf6BeJyUM3Q0rKa/NQcTHbB2+66lNnxLw==",
      "dev": true
    },
    "node_modules/@types/forever-agent": {
      "version": "0.6.1",
      "resolved": "https://registry.npmjs.org/@types/forever-agent/-/forever-agent-0.6.1.tgz",
      "integrity": "sha512-B8KjH4cMgP4J+mofEpJTlo0d7EnAPWHswedTy15CbjaBUAN14EPjSco4FmWkJcX0V+S1rd2Tnj2akEEHoTtd+A==",
      "dev": true,
      "dependencies": {
        "@types/node": "*"
      }
    },
    "node_modules/@types/http-errors": {
      "version": "2.0.1",
      "resolved": "https://registry.npmjs.org/@types/http-errors/-/http-errors-2.0.1.tgz",
      "integrity": "sha512-/K3ds8TRAfBvi5vfjuz8y6+GiAYBZ0x4tXv1Av6CWBWn0IlADc+ZX9pMq7oU0fNQPnBwIZl3rmeLp6SBApbxSQ==",
      "dev": true
    },
    "node_modules/@types/is-typedarray": {
      "version": "1.0.0",
      "resolved": "https://registry.npmjs.org/@types/is-typedarray/-/is-typedarray-1.0.0.tgz",
      "integrity": "sha512-a+M3RfcM5KzKM/ckjglHGcCy6+OrmJV3dbKFi5H8MW9ZOyV3Tj/kXeE5vRiEIOCRKnRuE9xflFREEsugD9wrfg==",
      "dev": true,
      "dependencies": {
        "@types/node": "*"
      }
    },
    "node_modules/@types/isstream": {
      "version": "0.1.0",
      "resolved": "https://registry.npmjs.org/@types/isstream/-/isstream-0.1.0.tgz",
      "integrity": "sha512-jo6R5XtVMgu1ej3H4o9NXiUE/4ZxyxmDrGslGiBa4/ugJr+Olw2viio/F2Vlc+zrwC9HJzuApOCCVC2g5jqV0w==",
      "dev": true
    },
    "node_modules/@types/json-stringify-safe": {
      "version": "5.0.0",
      "resolved": "https://registry.npmjs.org/@types/json-stringify-safe/-/json-stringify-safe-5.0.0.tgz",
      "integrity": "sha512-UUA1sH0RSRROdInuDOA1yoRzbi5xVFD1RHCoOvNRPTNwR8zBkJ/84PZ6NhKVDtKp0FTeIccJCdQz1X2aJPr4uw==",
      "dev": true
    },
    "node_modules/@types/lodash": {
      "version": "4.14.197",
      "resolved": "https://registry.npmjs.org/@types/lodash/-/lodash-4.14.197.tgz",
      "integrity": "sha512-BMVOiWs0uNxHVlHBgzTIqJYmj+PgCo4euloGF+5m4okL3rEYzM2EEv78mw8zWSMM57dM7kVIgJ2QDvwHSoCI5g==",
      "dev": true
    },
    "node_modules/@types/merge-descriptors": {
      "version": "1.0.1",
      "resolved": "https://registry.npmjs.org/@types/merge-descriptors/-/merge-descriptors-1.0.1.tgz",
      "integrity": "sha512-dvY3+KXKTXn7sD9bFQsaPcw3FN9ljk82YDUDl7O2FsBVBhiN7Ya216aYUqUvlRdbL/lvW90SYAUJZ1fFnmtMUQ==",
      "dev": true
    },
    "node_modules/@types/mime": {
      "version": "1.3.2",
      "resolved": "https://registry.npmjs.org/@types/mime/-/mime-1.3.2.tgz",
      "integrity": "sha512-YATxVxgRqNH6nHEIsvg6k2Boc1JHI9ZbH5iWFFv/MTkchz3b1ieGDa5T0a9RznNdI0KhVbdbWSN+KWWrQZRxTw==",
      "dev": true
    },
    "node_modules/@types/mime-types": {
      "version": "2.1.1",
      "resolved": "https://registry.npmjs.org/@types/mime-types/-/mime-types-2.1.1.tgz",
      "integrity": "sha512-vXOTGVSLR2jMw440moWTC7H19iUyLtP3Z1YTj7cSsubOICinjMxFeb/V57v9QdyyPGbbWolUFSSmSiRSn94tFw==",
      "dev": true
    },
    "node_modules/@types/node": {
      "version": "20.8.7",
      "resolved": "https://registry.npmjs.org/@types/node/-/node-20.8.7.tgz",
      "integrity": "sha512-21TKHHh3eUHIi2MloeptJWALuCu5H7HQTdTrWIFReA8ad+aggoX+lRes3ex7/FtpC+sVUpFMQ+QTfYr74mruiQ==",
      "dev": true,
      "dependencies": {
        "undici-types": "~5.25.1"
      }
    },
    "node_modules/@types/node-cron": {
      "version": "3.0.10",
      "resolved": "https://registry.npmjs.org/@types/node-cron/-/node-cron-3.0.10.tgz",
      "integrity": "sha512-8thdLSpV7na8+bsmiyMH/KKQWOBg4WmoLInlGxWz7JJn8Mie+53QWaygSlc7f/AsMsCB5bBTVjoueAU6tRutTw==",
      "dev": true
    },
    "node_modules/@types/nodemon": {
      "version": "1.19.4",
      "resolved": "https://registry.npmjs.org/@types/nodemon/-/nodemon-1.19.4.tgz",
      "integrity": "sha512-xWfDFY0hH9TRprHD1N0/Lp0dkze/vahRxLMN3cgW+PGnmtSzMXaNlTeWmSmlvefXFv5L0spheNZ0XEFB/O9ttQ==",
      "dev": true,
      "dependencies": {
        "@types/node": "*"
      }
    },
    "node_modules/@types/npm": {
      "version": "7.19.0",
      "resolved": "https://registry.npmjs.org/@types/npm/-/npm-7.19.0.tgz",
      "integrity": "sha512-K/w+k8SnDjdQoK2fkUl9fHLAiVVmdFgdZ2/iGFuaaQC+wwaNdDQRTFaoCEYYrfCMbuVkhL3Lgqbi+p5d5I1lSg==",
      "dev": true,
      "dependencies": {
        "@types/node": "*"
      }
    },
    "node_modules/@types/qs": {
      "version": "6.9.7",
      "resolved": "https://registry.npmjs.org/@types/qs/-/qs-6.9.7.tgz",
      "integrity": "sha512-FGa1F62FT09qcrueBA6qYTrJPVDzah9a+493+o2PCXsesWHIn27G98TsSMs3WPNbZIEj4+VJf6saSFpvD+3Zsw==",
      "dev": true
    },
    "node_modules/@types/range-parser": {
      "version": "1.2.4",
      "resolved": "https://registry.npmjs.org/@types/range-parser/-/range-parser-1.2.4.tgz",
      "integrity": "sha512-EEhsLsD6UsDM1yFhAvy0Cjr6VwmpMWqFBCb9w07wVugF7w9nfajxLuVmngTIpgS6svCnm6Vaw+MZhoDCKnOfsw==",
      "dev": true
    },
    "node_modules/@types/request": {
      "version": "2.48.8",
      "resolved": "https://registry.npmjs.org/@types/request/-/request-2.48.8.tgz",
      "integrity": "sha512-whjk1EDJPcAR2kYHRbFl/lKeeKYTi05A15K9bnLInCVroNDCtXce57xKdI0/rQaA3K+6q0eFyUBPmqfSndUZdQ==",
      "dev": true,
      "dependencies": {
        "@types/caseless": "*",
        "@types/node": "*",
        "@types/tough-cookie": "*",
        "form-data": "^2.5.0"
      }
    },
    "node_modules/@types/request-promise-native": {
      "version": "1.0.19",
      "resolved": "https://registry.npmjs.org/@types/request-promise-native/-/request-promise-native-1.0.19.tgz",
      "integrity": "sha512-i17J9k5KP2PAMEhoYnoDpHzJHS91aIV1lG0gOqNX1G5mm/48Qm01sIb8gCJMQpddwapXM9KpxdWGSggZNMLKDw==",
      "dev": true,
      "dependencies": {
        "@types/request": "*"
      }
    },
    "node_modules/@types/send": {
      "version": "0.17.1",
      "resolved": "https://registry.npmjs.org/@types/send/-/send-0.17.1.tgz",
      "integrity": "sha512-Cwo8LE/0rnvX7kIIa3QHCkcuF21c05Ayb0ZfxPiv0W8VRiZiNW/WuRupHKpqqGVGf7SUA44QSOUKaEd9lIrd/Q==",
      "dev": true,
      "dependencies": {
        "@types/mime": "^1",
        "@types/node": "*"
      }
    },
    "node_modules/@types/serve-static": {
      "version": "1.15.2",
      "resolved": "https://registry.npmjs.org/@types/serve-static/-/serve-static-1.15.2.tgz",
      "integrity": "sha512-J2LqtvFYCzaj8pVYKw8klQXrLLk7TBZmQ4ShlcdkELFKGwGMfevMLneMMRkMgZxotOD9wg497LpC7O8PcvAmfw==",
      "dev": true,
      "dependencies": {
        "@types/http-errors": "*",
        "@types/mime": "*",
        "@types/node": "*"
      }
    },
    "node_modules/@types/tough-cookie": {
      "version": "4.0.2",
      "resolved": "https://registry.npmjs.org/@types/tough-cookie/-/tough-cookie-4.0.2.tgz",
      "integrity": "sha512-Q5vtl1W5ue16D+nIaW8JWebSSraJVlK+EthKn7e7UcD4KWsaSJ8BqGPXNaPghgtcn/fhvrN17Tv8ksUsQpiplw==",
      "dev": true
    },
    "node_modules/@types/uuid": {
      "version": "9.0.2",
      "resolved": "https://registry.npmjs.org/@types/uuid/-/uuid-9.0.2.tgz",
      "integrity": "sha512-kNnC1GFBLuhImSnV7w4njQkUiJi0ZXUycu1rUaouPqiKlXkh77JKgdRnTAp1x5eBwcIwbtI+3otwzuIDEuDoxQ==",
      "dev": true
    },
    "node_modules/asynckit": {
      "version": "0.4.0",
      "resolved": "https://registry.npmjs.org/asynckit/-/asynckit-0.4.0.tgz",
      "integrity": "sha512-Oei9OH4tRh0YqU3GxhX79dM/mwVgvbZJaSNaRk+bshkj0S5cfHcgYakreBjrHwatXKbz+IoIdYLxrKim2MjW0Q==",
      "dev": true
    },
    "node_modules/combined-stream": {
      "version": "1.0.8",
      "resolved": "https://registry.npmjs.org/combined-stream/-/combined-stream-1.0.8.tgz",
      "integrity": "sha512-FQN4MRfuJeHf7cBbBMJFXhKSDq+2kAArBlmRBvcvFE5BB1HZKXtSFASDhdlz9zOYwxh8lDdnvmMOe/+5cdoEdg==",
      "dev": true,
      "dependencies": {
        "delayed-stream": "~1.0.0"
      },
      "engines": {
        "node": ">= 0.8"
      }
    },
    "node_modules/delayed-stream": {
      "version": "1.0.0",
      "resolved": "https://registry.npmjs.org/delayed-stream/-/delayed-stream-1.0.0.tgz",
      "integrity": "sha512-ZySD7Nf91aLB0RxL4KGrKHBXl7Eds1DAmEdcoVawXnLD7SDhpNgtuII2aAkg7a7QS41jxPSZ17p4VdGnMHk3MQ==",
      "dev": true,
      "engines": {
        "node": ">=0.4.0"
      }
    },
    "node_modules/form-data": {
      "version": "2.5.1",
      "resolved": "https://registry.npmjs.org/form-data/-/form-data-2.5.1.tgz",
      "integrity": "sha512-m21N3WOmEEURgk6B9GLOE4RuWOFf28Lhh9qGYeNlGq4VDXUlJy2th2slBNU8Gp8EzloYZOibZJ7t5ecIrFSjVA==",
      "dev": true,
      "dependencies": {
        "asynckit": "^0.4.0",
        "combined-stream": "^1.0.6",
        "mime-types": "^2.1.12"
      },
      "engines": {
        "node": ">= 0.12"
      }
    },
    "node_modules/mime-db": {
      "version": "1.52.0",
      "resolved": "https://registry.npmjs.org/mime-db/-/mime-db-1.52.0.tgz",
      "integrity": "sha512-sPU4uV7dYlvtWJxwwxHD0PuihVNiE7TyAbQ5SWxDCB9mUYvOgroQOwYQQOKPJ8CIbE+1ETVlOoK1UC2nU3gYvg==",
      "dev": true,
      "engines": {
        "node": ">= 0.6"
      }
    },
    "node_modules/mime-types": {
      "version": "2.1.35",
      "resolved": "https://registry.npmjs.org/mime-types/-/mime-types-2.1.35.tgz",
      "integrity": "sha512-ZDY+bPm5zTTF+YpCrAU9nK0UgICYPT0QtT1NZWFv4s++TNkcgVaT0g6+4R2uI4MjQjzysHB1zxuWL50hzaeXiw==",
      "dev": true,
      "dependencies": {
        "mime-db": "1.52.0"
      },
      "engines": {
        "node": ">= 0.6"
      }
    },
    "node_modules/types-registry": {
      "version": "0.1.666",
      "resolved": "https://registry.npmjs.org/types-registry/-/types-registry-0.1.666.tgz",
      "integrity": "sha512-40LMGsCS/0zVwlCcq9RTOPCK2/pxYYHkwnzVFSGH4wObUzuhf99t22TV02NwNzA+kL60ughZT3asvfUmtgVyPA=="
    },
    "node_modules/undici-types": {
      "version": "5.25.3",
      "resolved": "https://registry.npmjs.org/undici-types/-/undici-types-5.25.3.tgz",
      "integrity": "sha512-Ga1jfYwRn7+cP9v8auvEXN1rX3sWqlayd4HP7OKk4mZWylEmu3KzXDUGrQUN6Ol7qo1gPvB2e5gX6udnyEPgdA==",
      "dev": true
    }
  }
}
